// !$*UTF8*$!
{
	archiveVersion = 1;
	classes = {
	};
	objectVersion = 46;
	objects = {

/* Begin PBXBuildFile section */
		816B96441BE8C7F000A2454F /* CompleteViewController.m in Sources */ = {isa = PBXBuildFile; fileRef = 816B96431BE8C7F000A2454F /* CompleteViewController.m */; settings = {ASSET_TAGS = (); }; };
		81961AF21BE84E5A006E7CA6 /* PlanViewController.m in Sources */ = {isa = PBXBuildFile; fileRef = 81961AF11BE84E5A006E7CA6 /* PlanViewController.m */; settings = {ASSET_TAGS = (); }; };
		81961AFB1BE85994006E7CA6 /* 80s Back Beat 01.caf in Resources */ = {isa = PBXBuildFile; fileRef = 81961AF41BE85994006E7CA6 /* 80s Back Beat 01.caf */; settings = {ASSET_TAGS = (); }; };
		81961AFC1BE85994006E7CA6 /* Academy All.caf in Resources */ = {isa = PBXBuildFile; fileRef = 81961AF51BE85994006E7CA6 /* Academy All.caf */; settings = {ASSET_TAGS = (); }; };
		81961AFD1BE85994006E7CA6 /* Action Synth.caf in Resources */ = {isa = PBXBuildFile; fileRef = 81961AF61BE85994006E7CA6 /* Action Synth.caf */; settings = {ASSET_TAGS = (); }; };
		81961AFE1BE85994006E7CA6 /* Ambition Beat.caf in Resources */ = {isa = PBXBuildFile; fileRef = 81961AF71BE85994006E7CA6 /* Ambition Beat.caf */; settings = {ASSET_TAGS = (); }; };
		81961AFF1BE85994006E7CA6 /* Ambition Electric Piano.caf in Resources */ = {isa = PBXBuildFile; fileRef = 81961AF81BE85994006E7CA6 /* Ambition Electric Piano.caf */; settings = {ASSET_TAGS = (); }; };
		81961B001BE85994006E7CA6 /* Anthem Fever Synth.caf in Resources */ = {isa = PBXBuildFile; fileRef = 81961AF91BE85994006E7CA6 /* Anthem Fever Synth.caf */; settings = {ASSET_TAGS = (); }; };
		81961B011BE85994006E7CA6 /* Anvil Smash Beat 01.caf in Resources */ = {isa = PBXBuildFile; fileRef = 81961AFA1BE85994006E7CA6 /* Anvil Smash Beat 01.caf */; settings = {ASSET_TAGS = (); }; };
		81EEC33B1BE70E03007B6367 /* main.m in Sources */ = {isa = PBXBuildFile; fileRef = 81EEC33A1BE70E03007B6367 /* main.m */; };
		81EEC33E1BE70E03007B6367 /* AppDelegate.m in Sources */ = {isa = PBXBuildFile; fileRef = 81EEC33D1BE70E03007B6367 /* AppDelegate.m */; };
		81EEC3411BE70E03007B6367 /* ViewController.m in Sources */ = {isa = PBXBuildFile; fileRef = 81EEC3401BE70E03007B6367 /* ViewController.m */; };
		81EEC3441BE70E03007B6367 /* Main.storyboard in Resources */ = {isa = PBXBuildFile; fileRef = 81EEC3421BE70E03007B6367 /* Main.storyboard */; };
		81EEC3461BE70E03007B6367 /* Assets.xcassets in Resources */ = {isa = PBXBuildFile; fileRef = 81EEC3451BE70E03007B6367 /* Assets.xcassets */; };
		81EEC3491BE70E03007B6367 /* LaunchScreen.storyboard in Resources */ = {isa = PBXBuildFile; fileRef = 81EEC3471BE70E03007B6367 /* LaunchScreen.storyboard */; };
		81EEC3541BE70E03007B6367 /* Manager_TomorrowTests.m in Sources */ = {isa = PBXBuildFile; fileRef = 81EEC3531BE70E03007B6367 /* Manager_TomorrowTests.m */; };
		81EEC35F1BE70E03007B6367 /* Manager_TomorrowUITests.m in Sources */ = {isa = PBXBuildFile; fileRef = 81EEC35E1BE70E03007B6367 /* Manager_TomorrowUITests.m */; };
		81EEC36E1BE71712007B6367 /* DrawProgress.m in Sources */ = {isa = PBXBuildFile; fileRef = 81EEC36D1BE71712007B6367 /* DrawProgress.m */; settings = {ASSET_TAGS = (); }; };
		81EEC3B01BE778D8007B6367 /* DaliyCircle.m in Sources */ = {isa = PBXBuildFile; fileRef = 81EEC3AF1BE778D8007B6367 /* DaliyCircle.m */; settings = {ASSET_TAGS = (); }; };
/* End PBXBuildFile section */

/* Begin PBXContainerItemProxy section */
		81EEC3501BE70E03007B6367 /* PBXContainerItemProxy */ = {
			isa = PBXContainerItemProxy;
			containerPortal = 81EEC32E1BE70E03007B6367 /* Project object */;
			proxyType = 1;
			remoteGlobalIDString = 81EEC3351BE70E03007B6367;
			remoteInfo = "Manager Tomorrow";
		};
		81EEC35B1BE70E03007B6367 /* PBXContainerItemProxy */ = {
			isa = PBXContainerItemProxy;
			containerPortal = 81EEC32E1BE70E03007B6367 /* Project object */;
			proxyType = 1;
			remoteGlobalIDString = 81EEC3351BE70E03007B6367;
			remoteInfo = "Manager Tomorrow";
		};
/* End PBXContainerItemProxy section */

/* Begin PBXFileReference section */
		816B96421BE8C7F000A2454F /* CompleteViewController.h */ = {isa = PBXFileReference; fileEncoding = 4; lastKnownFileType = sourcecode.c.h; path = CompleteViewController.h; sourceTree = "<group>"; };
		816B96431BE8C7F000A2454F /* CompleteViewController.m */ = {isa = PBXFileReference; fileEncoding = 4; lastKnownFileType = sourcecode.c.objc; path = CompleteViewController.m; sourceTree = "<group>"; };
		81961AF01BE84E5A006E7CA6 /* PlanViewController.h */ = {isa = PBXFileReference; fileEncoding = 4; lastKnownFileType = sourcecode.c.h; path = PlanViewController.h; sourceTree = "<group>"; };
		81961AF11BE84E5A006E7CA6 /* PlanViewController.m */ = {isa = PBXFileReference; fileEncoding = 4; lastKnownFileType = sourcecode.c.objc; path = PlanViewController.m; sourceTree = "<group>"; };
		81961AF41BE85994006E7CA6 /* 80s Back Beat 01.caf */ = {isa = PBXFileReference; lastKnownFileType = file; path = "80s Back Beat 01.caf"; sourceTree = "<group>"; };
		81961AF51BE85994006E7CA6 /* Academy All.caf */ = {isa = PBXFileReference; lastKnownFileType = file; path = "Academy All.caf"; sourceTree = "<group>"; };
		81961AF61BE85994006E7CA6 /* Action Synth.caf */ = {isa = PBXFileReference; lastKnownFileType = file; path = "Action Synth.caf"; sourceTree = "<group>"; };
		81961AF71BE85994006E7CA6 /* Ambition Beat.caf */ = {isa = PBXFileReference; lastKnownFileType = file; path = "Ambition Beat.caf"; sourceTree = "<group>"; };
		81961AF81BE85994006E7CA6 /* Ambition Electric Piano.caf */ = {isa = PBXFileReference; lastKnownFileType = file; path = "Ambition Electric Piano.caf"; sourceTree = "<group>"; };
		81961AF91BE85994006E7CA6 /* Anthem Fever Synth.caf */ = {isa = PBXFileReference; lastKnownFileType = file; path = "Anthem Fever Synth.caf"; sourceTree = "<group>"; };
		81961AFA1BE85994006E7CA6 /* Anvil Smash Beat 01.caf */ = {isa = PBXFileReference; lastKnownFileType = file; path = "Anvil Smash Beat 01.caf"; sourceTree = "<group>"; };
		81EEC3361BE70E03007B6367 /* Manager Tomorrow.app */ = {isa = PBXFileReference; explicitFileType = wrapper.application; includeInIndex = 0; path = "Manager Tomorrow.app"; sourceTree = BUILT_PRODUCTS_DIR; };
		81EEC33A1BE70E03007B6367 /* main.m */ = {isa = PBXFileReference; lastKnownFileType = sourcecode.c.objc; path = main.m; sourceTree = "<group>"; };
		81EEC33C1BE70E03007B6367 /* AppDelegate.h */ = {isa = PBXFileReference; lastKnownFileType = sourcecode.c.h; path = AppDelegate.h; sourceTree = "<group>"; };
		81EEC33D1BE70E03007B6367 /* AppDelegate.m */ = {isa = PBXFileReference; lastKnownFileType = sourcecode.c.objc; path = AppDelegate.m; sourceTree = "<group>"; };
		81EEC33F1BE70E03007B6367 /* ViewController.h */ = {isa = PBXFileReference; lastKnownFileType = sourcecode.c.h; path = ViewController.h; sourceTree = "<group>"; };
		81EEC3401BE70E03007B6367 /* ViewController.m */ = {isa = PBXFileReference; lastKnownFileType = sourcecode.c.objc; path = ViewController.m; sourceTree = "<group>"; };
		81EEC3431BE70E03007B6367 /* Base */ = {isa = PBXFileReference; lastKnownFileType = file.storyboard; name = Base; path = Base.lproj/Main.storyboard; sourceTree = "<group>"; };
		81EEC3451BE70E03007B6367 /* Assets.xcassets */ = {isa = PBXFileReference; lastKnownFileType = folder.assetcatalog; path = Assets.xcassets; sourceTree = "<group>"; };
		81EEC3481BE70E03007B6367 /* Base */ = {isa = PBXFileReference; lastKnownFileType = file.storyboard; name = Base; path = Base.lproj/LaunchScreen.storyboard; sourceTree = "<group>"; };
		81EEC34A1BE70E03007B6367 /* Info.plist */ = {isa = PBXFileReference; lastKnownFileType = text.plist.xml; path = Info.plist; sourceTree = "<group>"; };
		81EEC34F1BE70E03007B6367 /* Manager TomorrowTests.xctest */ = {isa = PBXFileReference; explicitFileType = wrapper.cfbundle; includeInIndex = 0; path = "Manager TomorrowTests.xctest"; sourceTree = BUILT_PRODUCTS_DIR; };
		81EEC3531BE70E03007B6367 /* Manager_TomorrowTests.m */ = {isa = PBXFileReference; lastKnownFileType = sourcecode.c.objc; path = Manager_TomorrowTests.m; sourceTree = "<group>"; };
		81EEC3551BE70E03007B6367 /* Info.plist */ = {isa = PBXFileReference; lastKnownFileType = text.plist.xml; path = Info.plist; sourceTree = "<group>"; };
		81EEC35A1BE70E03007B6367 /* Manager TomorrowUITests.xctest */ = {isa = PBXFileReference; explicitFileType = wrapper.cfbundle; includeInIndex = 0; path = "Manager TomorrowUITests.xctest"; sourceTree = BUILT_PRODUCTS_DIR; };
		81EEC35E1BE70E03007B6367 /* Manager_TomorrowUITests.m */ = {isa = PBXFileReference; lastKnownFileType = sourcecode.c.objc; path = Manager_TomorrowUITests.m; sourceTree = "<group>"; };
		81EEC3601BE70E03007B6367 /* Info.plist */ = {isa = PBXFileReference; lastKnownFileType = text.plist.xml; path = Info.plist; sourceTree = "<group>"; };
		81EEC36C1BE71712007B6367 /* DrawProgress.h */ = {isa = PBXFileReference; fileEncoding = 4; lastKnownFileType = sourcecode.c.h; path = DrawProgress.h; sourceTree = "<group>"; };
		81EEC36D1BE71712007B6367 /* DrawProgress.m */ = {isa = PBXFileReference; fileEncoding = 4; lastKnownFileType = sourcecode.c.objc; path = DrawProgress.m; sourceTree = "<group>"; };
		81EEC3AE1BE778D8007B6367 /* DaliyCircle.h */ = {isa = PBXFileReference; fileEncoding = 4; lastKnownFileType = sourcecode.c.h; path = DaliyCircle.h; sourceTree = "<group>"; };
		81EEC3AF1BE778D8007B6367 /* DaliyCircle.m */ = {isa = PBXFileReference; fileEncoding = 4; lastKnownFileType = sourcecode.c.objc; path = DaliyCircle.m; sourceTree = "<group>"; };
/* End PBXFileReference section */

/* Begin PBXFrameworksBuildPhase section */
		81EEC3331BE70E03007B6367 /* Frameworks */ = {
			isa = PBXFrameworksBuildPhase;
			buildActionMask = 2147483647;
			files = (
			);
			runOnlyForDeploymentPostprocessing = 0;
		};
		81EEC34C1BE70E03007B6367 /* Frameworks */ = {
			isa = PBXFrameworksBuildPhase;
			buildActionMask = 2147483647;
			files = (
			);
			runOnlyForDeploymentPostprocessing = 0;
		};
		81EEC3571BE70E03007B6367 /* Frameworks */ = {
			isa = PBXFrameworksBuildPhase;
			buildActionMask = 2147483647;
			files = (
			);
			runOnlyForDeploymentPostprocessing = 0;
		};
/* End PBXFrameworksBuildPhase section */

/* Begin PBXGroup section */
		81961AF31BE85994006E7CA6 /* caf */ = {
			isa = PBXGroup;
			children = (
				81961AF41BE85994006E7CA6 /* 80s Back Beat 01.caf */,
				81961AF51BE85994006E7CA6 /* Academy All.caf */,
				81961AF61BE85994006E7CA6 /* Action Synth.caf */,
				81961AF71BE85994006E7CA6 /* Ambition Beat.caf */,
				81961AF81BE85994006E7CA6 /* Ambition Electric Piano.caf */,
				81961AF91BE85994006E7CA6 /* Anthem Fever Synth.caf */,
				81961AFA1BE85994006E7CA6 /* Anvil Smash Beat 01.caf */,
			);
			name = caf;
			path = ../../../Desktop/caf;
			sourceTree = "<group>";
		};
		81EEC32D1BE70E03007B6367 = {
			isa = PBXGroup;
			children = (
				81EEC3381BE70E03007B6367 /* Manager Tomorrow */,
				81EEC3521BE70E03007B6367 /* Manager TomorrowTests */,
				81EEC35D1BE70E03007B6367 /* Manager TomorrowUITests */,
				81EEC3371BE70E03007B6367 /* Products */,
			);
			sourceTree = "<group>";
		};
		81EEC3371BE70E03007B6367 /* Products */ = {
			isa = PBXGroup;
			children = (
				81EEC3361BE70E03007B6367 /* Manager Tomorrow.app */,
				81EEC34F1BE70E03007B6367 /* Manager TomorrowTests.xctest */,
				81EEC35A1BE70E03007B6367 /* Manager TomorrowUITests.xctest */,
			);
			name = Products;
			sourceTree = "<group>";
		};
		81EEC3381BE70E03007B6367 /* Manager Tomorrow */ = {
			isa = PBXGroup;
			children = (
				81961AF31BE85994006E7CA6 /* caf */,
				81EEC33C1BE70E03007B6367 /* AppDelegate.h */,
				81EEC33D1BE70E03007B6367 /* AppDelegate.m */,
				81EEC33F1BE70E03007B6367 /* ViewController.h */,
				81EEC3401BE70E03007B6367 /* ViewController.m */,
				81961AF01BE84E5A006E7CA6 /* PlanViewController.h */,
				81961AF11BE84E5A006E7CA6 /* PlanViewController.m */,
				816B96421BE8C7F000A2454F /* CompleteViewController.h */,
				816B96431BE8C7F000A2454F /* CompleteViewController.m */,
				81EEC36C1BE71712007B6367 /* DrawProgress.h */,
				81EEC36D1BE71712007B6367 /* DrawProgress.m */,
				81EEC3AE1BE778D8007B6367 /* DaliyCircle.h */,
				81EEC3AF1BE778D8007B6367 /* DaliyCircle.m */,
				81EEC3421BE70E03007B6367 /* Main.storyboard */,
				81EEC3451BE70E03007B6367 /* Assets.xcassets */,
				81EEC3471BE70E03007B6367 /* LaunchScreen.storyboard */,
				81EEC34A1BE70E03007B6367 /* Info.plist */,
				81EEC3391BE70E03007B6367 /* Supporting Files */,
			);
			path = "Manager Tomorrow";
			sourceTree = "<group>";
		};
		81EEC3391BE70E03007B6367 /* Supporting Files */ = {
			isa = PBXGroup;
			children = (
				81EEC33A1BE70E03007B6367 /* main.m */,
			);
			name = "Supporting Files";
			sourceTree = "<group>";
		};
		81EEC3521BE70E03007B6367 /* Manager TomorrowTests */ = {
			isa = PBXGroup;
			children = (
				81EEC3531BE70E03007B6367 /* Manager_TomorrowTests.m */,
				81EEC3551BE70E03007B6367 /* Info.plist */,
			);
			path = "Manager TomorrowTests";
			sourceTree = "<group>";
		};
		81EEC35D1BE70E03007B6367 /* Manager TomorrowUITests */ = {
			isa = PBXGroup;
			children = (
				81EEC35E1BE70E03007B6367 /* Manager_TomorrowUITests.m */,
				81EEC3601BE70E03007B6367 /* Info.plist */,
			);
			path = "Manager TomorrowUITests";
			sourceTree = "<group>";
		};
/* End PBXGroup section */

/* Begin PBXNativeTarget section */
		81EEC3351BE70E03007B6367 /* Manager Tomorrow */ = {
			isa = PBXNativeTarget;
			buildConfigurationList = 81EEC3631BE70E03007B6367 /* Build configuration list for PBXNativeTarget "Manager Tomorrow" */;
			buildPhases = (
				81EEC3321BE70E03007B6367 /* Sources */,
				81EEC3331BE70E03007B6367 /* Frameworks */,
				81EEC3341BE70E03007B6367 /* Resources */,
			);
			buildRules = (
			);
			dependencies = (
			);
			name = "Manager Tomorrow";
			productName = "Manager Tomorrow";
			productReference = 81EEC3361BE70E03007B6367 /* Manager Tomorrow.app */;
			productType = "com.apple.product-type.application";
		};
		81EEC34E1BE70E03007B6367 /* Manager TomorrowTests */ = {
			isa = PBXNativeTarget;
			buildConfigurationList = 81EEC3661BE70E03007B6367 /* Build configuration list for PBXNativeTarget "Manager TomorrowTests" */;
			buildPhases = (
				81EEC34B1BE70E03007B6367 /* Sources */,
				81EEC34C1BE70E03007B6367 /* Frameworks */,
				81EEC34D1BE70E03007B6367 /* Resources */,
			);
			buildRules = (
			);
			dependencies = (
				81EEC3511BE70E03007B6367 /* PBXTargetDependency */,
			);
			name = "Manager TomorrowTests";
			productName = "Manager TomorrowTests";
			productReference = 81EEC34F1BE70E03007B6367 /* Manager TomorrowTests.xctest */;
			productType = "com.apple.product-type.bundle.unit-test";
		};
		81EEC3591BE70E03007B6367 /* Manager TomorrowUITests */ = {
			isa = PBXNativeTarget;
			buildConfigurationList = 81EEC3691BE70E03007B6367 /* Build configuration list for PBXNativeTarget "Manager TomorrowUITests" */;
			buildPhases = (
				81EEC3561BE70E03007B6367 /* Sources */,
				81EEC3571BE70E03007B6367 /* Frameworks */,
				81EEC3581BE70E03007B6367 /* Resources */,
			);
			buildRules = (
			);
			dependencies = (
				81EEC35C1BE70E03007B6367 /* PBXTargetDependency */,
			);
			name = "Manager TomorrowUITests";
			productName = "Manager TomorrowUITests";
			productReference = 81EEC35A1BE70E03007B6367 /* Manager TomorrowUITests.xctest */;
			productType = "com.apple.product-type.bundle.ui-testing";
		};
/* End PBXNativeTarget section */

/* Begin PBXProject section */
		81EEC32E1BE70E03007B6367 /* Project object */ = {
			isa = PBXProject;
			attributes = {
				LastUpgradeCheck = 0700;
				ORGANIZATIONNAME = tandepeng;
				TargetAttributes = {
					81EEC3351BE70E03007B6367 = {
						CreatedOnToolsVersion = 7.0.1;
						DevelopmentTeam = 5AV57XBXLJ;
					};
					81EEC34E1BE70E03007B6367 = {
						CreatedOnToolsVersion = 7.0.1;
						DevelopmentTeam = 5AV57XBXLJ;
						TestTargetID = 81EEC3351BE70E03007B6367;
					};
					81EEC3591BE70E03007B6367 = {
						CreatedOnToolsVersion = 7.0.1;
						DevelopmentTeam = 5AV57XBXLJ;
						TestTargetID = 81EEC3351BE70E03007B6367;
					};
				};
			};
			buildConfigurationList = 81EEC3311BE70E03007B6367 /* Build configuration list for PBXProject "Manager Tomorrow" */;
			compatibilityVersion = "Xcode 3.2";
			developmentRegion = English;
			hasScannedForEncodings = 0;
			knownRegions = (
				en,
				Base,
			);
			mainGroup = 81EEC32D1BE70E03007B6367;
			productRefGroup = 81EEC3371BE70E03007B6367 /* Products */;
			projectDirPath = "";
			projectRoot = "";
			targets = (
				81EEC3351BE70E03007B6367 /* Manager Tomorrow */,
				81EEC34E1BE70E03007B6367 /* Manager TomorrowTests */,
				81EEC3591BE70E03007B6367 /* Manager TomorrowUITests */,
			);
		};
/* End PBXProject section */

/* Begin PBXResourcesBuildPhase section */
		81EEC3341BE70E03007B6367 /* Resources */ = {
			isa = PBXResourcesBuildPhase;
			buildActionMask = 2147483647;
			files = (
				81961AFF1BE85994006E7CA6 /* Ambition Electric Piano.caf in Resources */,
				81EEC3491BE70E03007B6367 /* LaunchScreen.storyboard in Resources */,
				81961AFE1BE85994006E7CA6 /* Ambition Beat.caf in Resources */,
				81961AFB1BE85994006E7CA6 /* 80s Back Beat 01.caf in Resources */,
				81961AFD1BE85994006E7CA6 /* Action Synth.caf in Resources */,
				81EEC3461BE70E03007B6367 /* Assets.xcassets in Resources */,
				81961B011BE85994006E7CA6 /* Anvil Smash Beat 01.caf in Resources */,
				81961B001BE85994006E7CA6 /* Anthem Fever Synth.caf in Resources */,
				81961AFC1BE85994006E7CA6 /* Academy All.caf in Resources */,
				81EEC3441BE70E03007B6367 /* Main.storyboard in Resources */,
			);
			runOnlyForDeploymentPostprocessing = 0;
		};
		81EEC34D1BE70E03007B6367 /* Resources */ = {
			isa = PBXResourcesBuildPhase;
			buildActionMask = 2147483647;
			files = (
			);
			runOnlyForDeploymentPostprocessing = 0;
		};
		81EEC3581BE70E03007B6367 /* Resources */ = {
			isa = PBXResourcesBuildPhase;
			buildActionMask = 2147483647;
			files = (
			);
			runOnlyForDeploymentPostprocessing = 0;
		};
/* End PBXResourcesBuildPhase section */

/* Begin PBXSourcesBuildPhase section */
		81EEC3321BE70E03007B6367 /* Sources */ = {
			isa = PBXSourcesBuildPhase;
			buildActionMask = 2147483647;
			files = (
				81EEC36E1BE71712007B6367 /* DrawProgress.m in Sources */,
				816B96441BE8C7F000A2454F /* CompleteViewController.m in Sources */,
				81961AF21BE84E5A006E7CA6 /* PlanViewController.m in Sources */,
				81EEC3411BE70E03007B6367 /* ViewController.m in Sources */,
				81EEC33E1BE70E03007B6367 /* AppDelegate.m in Sources */,
				81EEC3B01BE778D8007B6367 /* DaliyCircle.m in Sources */,
				81EEC33B1BE70E03007B6367 /* main.m in Sources */,
			);
			runOnlyForDeploymentPostprocessing = 0;
		};
		81EEC34B1BE70E03007B6367 /* Sources */ = {
			isa = PBXSourcesBuildPhase;
			buildActionMask = 2147483647;
			files = (
				81EEC3541BE70E03007B6367 /* Manager_TomorrowTests.m in Sources */,
			);
			runOnlyForDeploymentPostprocessing = 0;
		};
		81EEC3561BE70E03007B6367 /* Sources */ = {
			isa = PBXSourcesBuildPhase;
			buildActionMask = 2147483647;
			files = (
				81EEC35F1BE70E03007B6367 /* Manager_TomorrowUITests.m in Sources */,
			);
			runOnlyForDeploymentPostprocessing = 0;
		};
/* End PBXSourcesBuildPhase section */

/* Begin PBXTargetDependency section */
		81EEC3511BE70E03007B6367 /* PBXTargetDependency */ = {
			isa = PBXTargetDependency;
			target = 81EEC3351BE70E03007B6367 /* Manager Tomorrow */;
			targetProxy = 81EEC3501BE70E03007B6367 /* PBXContainerItemProxy */;
		};
		81EEC35C1BE70E03007B6367 /* PBXTargetDependency */ = {
			isa = PBXTargetDependency;
			target = 81EEC3351BE70E03007B6367 /* Manager Tomorrow */;
			targetProxy = 81EEC35B1BE70E03007B6367 /* PBXContainerItemProxy */;
		};
/* End PBXTargetDependency section */

/* Begin PBXVariantGroup section */
		81EEC3421BE70E03007B6367 /* Main.storyboard */ = {
			isa = PBXVariantGroup;
			children = (
				81EEC3431BE70E03007B6367 /* Base */,
			);
			name = Main.storyboard;
			sourceTree = "<group>";
		};
		81EEC3471BE70E03007B6367 /* LaunchScreen.storyboard */ = {
			isa = PBXVariantGroup;
			children = (
				81EEC3481BE70E03007B6367 /* Base */,
			);
			name = LaunchScreen.storyboard;
			sourceTree = "<group>";
		};
/* End PBXVariantGroup section */

/* Begin XCBuildConfiguration section */
		81EEC3611BE70E03007B6367 /* Debug */ = {
			isa = XCBuildConfiguration;
			buildSettings = {
				ALWAYS_SEARCH_USER_PATHS = NO;
				CLANG_CXX_LANGUAGE_STANDARD = "gnu++0x";
				CLANG_CXX_LIBRARY = "libc++";
				CLANG_ENABLE_MODULES = YES;
				CLANG_ENABLE_OBJC_ARC = YES;
				CLANG_WARN_BOOL_CONVERSION = YES;
				CLANG_WARN_CONSTANT_CONVERSION = YES;
				CLANG_WARN_DIRECT_OBJC_ISA_USAGE = YES_ERROR;
				CLANG_WARN_EMPTY_BODY = YES;
				CLANG_WARN_ENUM_CONVERSION = YES;
				CLANG_WARN_INT_CONVERSION = YES;
				CLANG_WARN_OBJC_ROOT_CLASS = YES_ERROR;
				CLANG_WARN_UNREACHABLE_CODE = YES;
				CLANG_WARN__DUPLICATE_METHOD_MATCH = YES;
				"CODE_SIGN_IDENTITY[sdk=iphoneos*]" = "iPhone Developer";
				COPY_PHASE_STRIP = NO;
				DEBUG_INFORMATION_FORMAT = dwarf;
				ENABLE_STRICT_OBJC_MSGSEND = YES;
				ENABLE_TESTABILITY = YES;
				GCC_C_LANGUAGE_STANDARD = gnu99;
				GCC_DYNAMIC_NO_PIC = NO;
				GCC_NO_COMMON_BLOCKS = YES;
				GCC_OPTIMIZATION_LEVEL = 0;
				GCC_PREPROCESSOR_DEFINITIONS = (
					"DEBUG=1",
					"$(inherited)",
				);
				GCC_WARN_64_TO_32_BIT_CONVERSION = YES;
				GCC_WARN_ABOUT_RETURN_TYPE = YES_ERROR;
				GCC_WARN_UNDECLARED_SELECTOR = YES;
				GCC_WARN_UNINITIALIZED_AUTOS = YES_AGGRESSIVE;
				GCC_WARN_UNUSED_FUNCTION = YES;
				GCC_WARN_UNUSED_VARIABLE = YES;
				IPHONEOS_DEPLOYMENT_TARGET = 9.0;
				MTL_ENABLE_DEBUG_INFO = YES;
				ONLY_ACTIVE_ARCH = YES;
				SDKROOT = iphoneos;
				TARGETED_DEVICE_FAMILY = "1,2";
			};
			name = Debug;
		};
		81EEC3621BE70E03007B6367 /* Release */ = {
			isa = XCBuildConfiguration;
			buildSettings = {
				ALWAYS_SEARCH_USER_PATHS = NO;
				CLANG_CXX_LANGUAGE_STANDARD = "gnu++0x";
				CLANG_CXX_LIBRARY = "libc++";
				CLANG_ENABLE_MODULES = YES;
				CLANG_ENABLE_OBJC_ARC = YES;
				CLANG_WARN_BOOL_CONVERSION = YES;
				CLANG_WARN_CONSTANT_CONVERSION = YES;
				CLANG_WARN_DIRECT_OBJC_ISA_USAGE = YES_ERROR;
				CLANG_WARN_EMPTY_BODY = YES;
				CLANG_WARN_ENUM_CONVERSION = YES;
				CLANG_WARN_INT_CONVERSION = YES;
				CLANG_WARN_OBJC_ROOT_CLASS = YES_ERROR;
				CLANG_WARN_UNREACHABLE_CODE = YES;
				CLANG_WARN__DUPLICATE_METHOD_MATCH = YES;
				"CODE_SIGN_IDENTITY[sdk=iphoneos*]" = "iPhone Developer";
				COPY_PHASE_STRIP = NO;
				DEBUG_INFORMATION_FORMAT = "dwarf-with-dsym";
				ENABLE_NS_ASSERTIONS = NO;
				ENABLE_STRICT_OBJC_MSGSEND = YES;
				GCC_C_LANGUAGE_STANDARD = gnu99;
				GCC_NO_COMMON_BLOCKS = YES;
				GCC_WARN_64_TO_32_BIT_CONVERSION = YES;
				GCC_WARN_ABOUT_RETURN_TYPE = YES_ERROR;
				GCC_WARN_UNDECLARED_SELECTOR = YES;
				GCC_WARN_UNINITIALIZED_AUTOS = YES_AGGRESSIVE;
				GCC_WARN_UNUSED_FUNCTION = YES;
				GCC_WARN_UNUSED_VARIABLE = YES;
				IPHONEOS_DEPLOYMENT_TARGET = 9.0;
				MTL_ENABLE_DEBUG_INFO = NO;
				SDKROOT = iphoneos;
				TARGETED_DEVICE_FAMILY = "1,2";
				VALIDATE_PRODUCT = YES;
			};
			name = Release;
		};
		81EEC3641BE70E03007B6367 /* Debug */ = {
			isa = XCBuildConfiguration;
			buildSettings = {
				ASSETCATALOG_COMPILER_APPICON_NAME = AppIcon;
				INFOPLIST_FILE = "Manager Tomorrow/Info.plist";
				LD_RUNPATH_SEARCH_PATHS = "$(inherited) @executable_path/Frameworks";
				PRODUCT_BUNDLE_IDENTIFIER = "com.TanDP.Manager-Tomorrow";
				PRODUCT_NAME = "$(TARGET_NAME)";
			};
			name = Debug;
		};
		81EEC3651BE70E03007B6367 /* Release */ = {
			isa = XCBuildConfiguration;
			buildSettings = {
				ASSETCATALOG_COMPILER_APPICON_NAME = AppIcon;
				INFOPLIST_FILE = "Manager Tomorrow/Info.plist";
				LD_RUNPATH_SEARCH_PATHS = "$(inherited) @executable_path/Frameworks";
				PRODUCT_BUNDLE_IDENTIFIER = "com.TanDP.Manager-Tomorrow";
				PRODUCT_NAME = "$(TARGET_NAME)";
			};
			name = Release;
		};
		81EEC3671BE70E03007B6367 /* Debug */ = {
			isa = XCBuildConfiguration;
			buildSettings = {
				BUNDLE_LOADER = "$(TEST_HOST)";
				INFOPLIST_FILE = "Manager TomorrowTests/Info.plist";
				LD_RUNPATH_SEARCH_PATHS = "$(inherited) @executable_path/Frameworks @loader_path/Frameworks";
				PRODUCT_BUNDLE_IDENTIFIER = "com.TanDP.Manager-TomorrowTests";
				PRODUCT_NAME = "$(TARGET_NAME)";
				TEST_HOST = "$(BUILT_PRODUCTS_DIR)/Manager Tomorrow.app/Manager Tomorrow";
			};
			name = Debug;
		};
		81EEC3681BE70E03007B6367 /* Release */ = {
			isa = XCBuildConfiguration;
			buildSettings = {
				BUNDLE_LOADER = "$(TEST_HOST)";
				INFOPLIST_FILE = "Manager TomorrowTests/Info.plist";
				LD_RUNPATH_SEARCH_PATHS = "$(inherited) @executable_path/Frameworks @loader_path/Frameworks";
				PRODUCT_BUNDLE_IDENTIFIER = "com.TanDP.Manager-TomorrowTests";
				PRODUCT_NAME = "$(TARGET_NAME)";
				TEST_HOST = "$(BUILT_PRODUCTS_DIR)/Manager Tomorrow.app/Manager Tomorrow";
			};
			name = Release;
		};
		81EEC36A1BE70E03007B6367 /* Debug */ = {
			isa = XCBuildConfiguration;
			buildSettings = {
				INFOPLIST_FILE = "Manager TomorrowUITests/Info.plist";
				LD_RUNPATH_SEARCH_PATHS = "$(inherited) @executable_path/Frameworks @loader_path/Frameworks";
				PRODUCT_BUNDLE_IDENTIFIER = "com.TanDP.Manager-TomorrowUITests";
				PRODUCT_NAME = "$(TARGET_NAME)";
				TEST_TARGET_NAME = "Manager Tomorrow";
				USES_XCTRUNNER = YES;
			};
			name = Debug;
		};
		81EEC36B1BE70E03007B6367 /* Release */ = {
			isa = XCBuildConfiguration;
			buildSettings = {
				INFOPLIST_FILE = "Manager TomorrowUITests/Info.plist";
				LD_RUNPATH_SEARCH_PATHS = "$(inherited) @executable_path/Frameworks @loader_path/Frameworks";
				PRODUCT_BUNDLE_IDENTIFIER = "com.TanDP.Manager-TomorrowUITests";
				PRODUCT_NAME = "$(TARGET_NAME)";
				TEST_TARGET_NAME = "Manager Tomorrow";
				USES_XCTRUNNER = YES;
			};
			name = Release;
		};
/* End XCBuildConfiguration section */

/* Begin XCConfigurationList section */
		81EEC3311BE70E03007B6367 /* Build configuration list for PBXProject "Manager Tomorrow" */ = {
			isa = XCConfigurationList;
			buildConfigurations = (
				81EEC3611BE70E03007B6367 /* Debug */,
				81EEC3621BE70E03007B6367 /* Release */,
			);
			defaultConfigurationIsVisible = 0;
			defaultConfigurationName = Release;
		};
		81EEC3631BE70E03007B6367 /* Build configuration list for PBXNativeTarget "Manager Tomorrow" */ = {
			isa = XCConfigurationList;
			buildConfigurations = (
				81EEC3641BE70E03007B6367 /* Debug */,
				81EEC3651BE70E03007B6367 /* Release */,
			);
			defaultConfigurationIsVisible = 0;
			defaultConfigurationName = Release;
		};
		81EEC3661BE70E03007B6367 /* Build configuration list for PBXNativeTarget "Manager TomorrowTests" */ = {
			isa = XCConfigurationList;
			buildConfigurations = (
				81EEC3671BE70E03007B6367 /* Debug */,
				81EEC3681BE70E03007B6367 /* Release */,
			);
			defaultConfigurationIsVisible = 0;
			defaultConfigurationName = Release;
		};
		81EEC3691BE70E03007B6367 /* Build configuration list for PBXNativeTarget "Manager TomorrowUITests" */ = {
			isa = XCConfigurationList;
			buildConfigurations = (
				81EEC36A1BE70E03007B6367 /* Debug */,
				81EEC36B1BE70E03007B6367 /* Release */,
			);
			defaultConfigurationIsVisible = 0;
			defaultConfigurationName = Release;
		};
/* End XCConfigurationList section */
	};
	rootObject = 81EEC32E1BE70E03007B6367 /* Project object */;
}
